<?xml version="1.0" encoding="utf-8"?>
<Project ToolsVersion="4.0" xmlns="http://schemas.microsoft.com/developer/msbuild/2003">
  <ItemGroup>
    <Filter Include="include">
      <UniqueIdentifier>{e794a325-8ef0-4eda-b0e2-c4640ae1bc13}</UniqueIdentifier>
    </Filter>
    <Filter Include="include\Compiler">
      <UniqueIdentifier>{350633c1-eb77-48bc-8b3f-8a8f352f2f3e}</UniqueIdentifier>
    </Filter>
    <Filter Include="include\C++">
      <UniqueIdentifier>{b0de038e-d3a5-43ef-a73e-8e2351603f68}</UniqueIdentifier>
    </Filter>
    <Filter Include="include\C">
      <UniqueIdentifier>{f31d53e3-0942-4033-bb0a-5a56d97f8a59}</UniqueIdentifier>
    </Filter>
    <Filter Include="include\Common">
      <UniqueIdentifier>{c746ac48-06dd-497d-a620-0deb372d63b0}</UniqueIdentifier>
    </Filter>
    <Filter Include="sources">
      <UniqueIdentifier>{cfae534c-c784-467b-93a2-c4e52e838d08}</UniqueIdentifier>
    </Filter>
    <Filter Include="sources\importers">
      <UniqueIdentifier>{3d828b06-38f7-4d89-b184-5437ec5cdab3}</UniqueIdentifier>
    </Filter>
    <Filter Include="sources\importers\3ds">
      <UniqueIdentifier>{82ecf6cd-6b86-42a4-b6d9-748f120a7393}</UniqueIdentifier>
    </Filter>
    <Filter Include="sources\importers\ase">
      <UniqueIdentifier>{fa45d054-3dde-43b3-b49b-0ef9ee2346a9}</UniqueIdentifier>
    </Filter>
    <Filter Include="sources\importers\hmp">
      <UniqueIdentifier>{1bb7c91f-4f93-4315-af19-c9e06a932889}</UniqueIdentifier>
    </Filter>
    <Filter Include="sources\importers\lwo">
      <UniqueIdentifier>{e126dd73-21e6-4d18-b236-5208e1556de8}</UniqueIdentifier>
    </Filter>
    <Filter Include="sources\importers\md3">
      <UniqueIdentifier>{b6a56d83-3e1a-46ce-916e-ed6b673c9c8a}</UniqueIdentifier>
    </Filter>
    <Filter Include="sources\importers\md5">
      <UniqueIdentifier>{1064fdd3-2fa7-4a0a-b1b0-815b49883985}</UniqueIdentifier>
    </Filter>
    <Filter Include="sources\importers\mdc">
      <UniqueIdentifier>{f0d36fa9-3011-4017-a484-ecb702d62655}</UniqueIdentifier>
    </Filter>
    <Filter Include="sources\importers\mdl">
      <UniqueIdentifier>{57418ae3-91df-4bfe-b673-fdf27fa6287a}</UniqueIdentifier>
    </Filter>
    <Filter Include="sources\importers\obj">
      <UniqueIdentifier>{d23ead24-7b93-42ba-b73b-6fdb417209d2}</UniqueIdentifier>
    </Filter>
    <Filter Include="sources\importers\ply">
      <UniqueIdentifier>{7ee9c519-78a8-4e52-a9f6-1bcd72d2023d}</UniqueIdentifier>
    </Filter>
    <Filter Include="sources\importers\smd">
      <UniqueIdentifier>{cab0ef12-04f4-45f0-a173-dc7c04b0b8b1}</UniqueIdentifier>
    </Filter>
    <Filter Include="sources\importers\stl">
      <UniqueIdentifier>{289b93d7-3ba4-4ad8-8faa-0c7c2e5db2d9}</UniqueIdentifier>
    </Filter>
    <Filter Include="sources\importers\x">
      <UniqueIdentifier>{db38f3a5-56b4-4660-a089-7cc5422c5805}</UniqueIdentifier>
    </Filter>
    <Filter Include="sources\importers\dxf">
      <UniqueIdentifier>{f2a97ab7-77c8-4160-b990-67ed4073962d}</UniqueIdentifier>
    </Filter>
    <Filter Include="sources\importers\raw">
      <UniqueIdentifier>{4e0bfa57-06e7-470a-b323-0f573e940d1d}</UniqueIdentifier>
    </Filter>
    <Filter Include="sources\importers\nff">
      <UniqueIdentifier>{1a9bd7cd-dd1b-417f-b338-8b46ee2c7cac}</UniqueIdentifier>
    </Filter>
    <Filter Include="sources\importers\off">
      <UniqueIdentifier>{fef7a7c7-bf58-48bd-bc6e-91d913611142}</UniqueIdentifier>
    </Filter>
    <Filter Include="sources\importers\ac">
      <UniqueIdentifier>{c1b7b9bb-0c46-4c79-a5d3-ad07bac38ed0}</UniqueIdentifier>
    </Filter>
    <Filter Include="sources\importers\lws">
      <UniqueIdentifier>{6508150c-4f67-46fb-adf7-d8a309fe33d7}</UniqueIdentifier>
    </Filter>
    <Filter Include="sources\importers\bvh">
      <UniqueIdentifier>{4bf02b5a-e2f9-4a96-addd-ce6783564d27}</UniqueIdentifier>
    </Filter>
    <Filter Include="sources\importers\irrmesh">
      <UniqueIdentifier>{0a609899-0e04-4161-89b3-babc6ca190c2}</UniqueIdentifier>
    </Filter>
    <Filter Include="sources\importers\irr">
      <UniqueIdentifier>{b185d109-8af6-481b-82f5-c501121f6223}</UniqueIdentifier>
    </Filter>
    <Filter Include="sources\importers\q3d">
      <UniqueIdentifier>{6fc72a9a-963f-4ccc-9f45-a3d1723a2222}</UniqueIdentifier>
    </Filter>
    <Filter Include="sources\importers\b3d">
      <UniqueIdentifier>{99fd57c0-cc41-4ed0-8c45-f502e239327f}</UniqueIdentifier>
    </Filter>
    <Filter Include="sources\importers\collada">
      <UniqueIdentifier>{8110134d-3811-4b31-877b-f1f23b3d69ae}</UniqueIdentifier>
    </Filter>
    <Filter Include="sources\importers\ter">
      <UniqueIdentifier>{61ba8f46-21ee-4fdf-b753-ee4ec9561f50}</UniqueIdentifier>
    </Filter>
    <Filter Include="sources\importers\csm">
      <UniqueIdentifier>{69af015c-99a1-42b8-a91d-d4a8b78fb018}</UniqueIdentifier>
    </Filter>
    <Filter Include="sources\importers\unreal">
      <UniqueIdentifier>{da100edf-3620-4890-b9fb-ff5877f631f0}</UniqueIdentifier>
    </Filter>
    <Filter Include="sources\importers\ndo">
      <UniqueIdentifier>{df5a0ecd-9478-468d-bce0-3d2ab61973ee}</UniqueIdentifier>
    </Filter>
    <Filter Include="sources\importers\ogre">
      <UniqueIdentifier>{c5ac316c-a9bc-4c85-b4c2-2410642d3937}</UniqueIdentifier>
    </Filter>
    <Filter Include="sources\importers\ms3d">
      <UniqueIdentifier>{bb224f7f-b9eb-4488-80cb-1e2d620add32}</UniqueIdentifier>
    </Filter>
    <Filter Include="sources\importers\cob">
      <UniqueIdentifier>{3526a1bc-ecf4-49a1-bf1f-361d39480c03}</UniqueIdentifier>
    </Filter>
    <Filter Include="sources\importers\blend">
      <UniqueIdentifier>{d1572836-9060-469e-8e4e-41da5a2aed1f}</UniqueIdentifier>
    </Filter>
    <Filter Include="sources\importers\q3bsp">
      <UniqueIdentifier>{81387476-849e-465a-a2b9-352585b8a6e9}</UniqueIdentifier>
    </Filter>
    <Filter Include="sources\importers\md2">
      <UniqueIdentifier>{a494a698-438c-43e6-8522-2efbe681946c}</UniqueIdentifier>
    </Filter>
    <Filter Include="sources\importers\ifc">
      <UniqueIdentifier>{b95166ec-ccc7-4927-b134-fcb0b1500fd2}</UniqueIdentifier>
    </Filter>
    <Filter Include="sources\importers\m3">
      <UniqueIdentifier>{64e88b7c-1837-4697-95e9-e49c8a91ec0c}</UniqueIdentifier>
    </Filter>
    <Filter Include="sources\importers\xgl">
      <UniqueIdentifier>{611e2d97-0618-4fa3-8645-df8d50c202fc}</UniqueIdentifier>
    </Filter>
    <Filter Include="sources\postprocessing">
      <UniqueIdentifier>{4fa805b2-f370-4cb7-a407-91752a0d7e65}</UniqueIdentifier>
    </Filter>
    <Filter Include="sources\core">
      <UniqueIdentifier>{f965ca0a-610a-4125-a3a4-1d9d37646a10}</UniqueIdentifier>
    </Filter>
    <Filter Include="sources\logging">
      <UniqueIdentifier>{f0eed5f2-745c-4057-b412-7688dea7ff49}</UniqueIdentifier>
    </Filter>
    <Filter Include="sources\filesystem">
      <UniqueIdentifier>{5aed94fc-0cd9-42f1-b790-ed0d5b1f004b}</UniqueIdentifier>
    </Filter>
    <Filter Include="sources\core_import">
      <UniqueIdentifier>{1d63fafe-7021-4759-b3d3-c1a03e779d22}</UniqueIdentifier>
    </Filter>
    <Filter Include="sources\extern">
      <UniqueIdentifier>{9e2f12eb-7799-458e-8dd6-b4d148a5fc34}</UniqueIdentifier>
    </Filter>
    <Filter Include="sources\extern\irrXML">
      <UniqueIdentifier>{febac849-988f-4ec8-8134-cdd6475d74bd}</UniqueIdentifier>
    </Filter>
    <Filter Include="sources\extern\zLib">
      <UniqueIdentifier>{c3d7a1b7-4fdf-4c0f-843b-f49b089af8f8}</UniqueIdentifier>
    </Filter>
    <Filter Include="sources\extern\ConvertUTF">
      <UniqueIdentifier>{71ae4183-be92-469c-ab74-521541aee468}</UniqueIdentifier>
    </Filter>
    <Filter Include="sources\extern\poly2tri">
      <UniqueIdentifier>{af307e00-9c66-46bf-966f-0519d3c27d4f}</UniqueIdentifier>
    </Filter>
    <Filter Include="sources\extern\clipper">
      <UniqueIdentifier>{7caf91f3-d5ec-4a83-b9dc-8d3c27602a1d}</UniqueIdentifier>
    </Filter>
    <Filter Include="sources\noboost">
      <UniqueIdentifier>{8b48df32-d9d3-400a-8e98-70d9602fc24b}</UniqueIdentifier>
    </Filter>
    <Filter Include="sources\noboost\tuple">
      <UniqueIdentifier>{5aca8975-facd-4f27-9db6-dfdd8ad92bed}</UniqueIdentifier>
    </Filter>
    <Filter Include="sources\noboost\math">
      <UniqueIdentifier>{cf6adb2c-ac49-4023-bab8-a60c9457b16b}</UniqueIdentifier>
    </Filter>
    <Filter Include="sources\core_export">
      <UniqueIdentifier>{4930202c-cc0f-4d6a-ac4c-ef3c16d2d722}</UniqueIdentifier>
    </Filter>
    <Filter Include="sources\exporters">
      <UniqueIdentifier>{d3f90484-415a-4c93-8f86-ed4392a0c618}</UniqueIdentifier>
    </Filter>
    <Filter Include="sources\exporters\collada">
      <UniqueIdentifier>{e15fdee2-e732-4f6e-8b51-1fb2c3d17682}</UniqueIdentifier>
    </Filter>
    <Filter Include="sources\exporters\obj">
      <UniqueIdentifier>{ef17a60a-7dff-4154-a5e1-67f7ac8985a1}</UniqueIdentifier>
    </Filter>
    <Filter Include="sources\exporters\stl">
      <UniqueIdentifier>{f4d1feaf-01e3-46db-b5b3-14157be78e61}</UniqueIdentifier>
    </Filter>
    <Filter Include="sources\exporters\ply">
      <UniqueIdentifier>{fda47e02-6941-4561-a40f-191e04503534}</UniqueIdentifier>
    </Filter>
    <Filter Include="doc">
      <UniqueIdentifier>{6e5de8d2-bfff-4fa9-92bd-a73529a36b62}</UniqueIdentifier>
    </Filter>
    <Filter Include="resources">
      <UniqueIdentifier>{df21f97e-8108-45b4-8faa-4b3886ef0521}</UniqueIdentifier>
    </Filter>
  </ItemGroup>
  <ItemGroup>
    <ClInclude Include="..\..\include\assimp\Compiler\poppack1.h">
      <Filter>include\Compiler</Filter>
    </ClInclude>
    <ClInclude Include="..\..\include\assimp\Compiler\pushpack1.h">
      <Filter>include\Compiler</Filter>
    </ClInclude>
    <ClInclude Include="..\..\include\assimp\DefaultLogger.hpp">
      <Filter>include\C++</Filter>
    </ClInclude>
    <ClInclude Include="..\..\include\assimp\Exporter.hpp">
      <Filter>include\C++</Filter>
    </ClInclude>
    <ClInclude Include="..\..\include\assimp\Importer.hpp">
      <Filter>include\C++</Filter>
    </ClInclude>
    <ClInclude Include="..\..\include\assimp\IOStream.hpp">
      <Filter>include\C++</Filter>
    </ClInclude>
    <ClInclude Include="..\..\include\assimp\IOSystem.hpp">
      <Filter>include\C++</Filter>
    </ClInclude>
    <ClInclude Include="..\..\include\assimp\Logger.hpp">
      <Filter>include\C++</Filter>
    </ClInclude>
    <ClInclude Include="..\..\include\assimp\LogStream.hpp">
      <Filter>include\C++</Filter>
    </ClInclude>
    <ClInclude Include="..\..\include\assimp\NullLogger.hpp">
      <Filter>include\C++</Filter>
    </ClInclude>
    <ClInclude Include="..\..\include\assimp\ProgressHandler.hpp">
      <Filter>include\C++</Filter>
    </ClInclude>
    <ClInclude Include="..\..\include\assimp\cexport.h">
      <Filter>include\C</Filter>
    </ClInclude>
    <ClInclude Include="..\..\include\assimp\cfileio.h">
      <Filter>include\C</Filter>
    </ClInclude>
    <ClInclude Include="..\..\include\assimp\cimport.h">
      <Filter>include\C</Filter>
    </ClInclude>
    <ClInclude Include="..\..\include\assimp\ai_assert.h">
      <Filter>include\Common</Filter>
    </ClInclude>
    <ClInclude Include="..\..\include\assimp\anim.h">
      <Filter>include\Common</Filter>
    </ClInclude>
    <ClInclude Include="..\..\include\assimp\camera.h">
      <Filter>include\Common</Filter>
    </ClInclude>
    <ClInclude Include="..\..\include\assimp\color4.h">
      <Filter>include\Common</Filter>
    </ClInclude>
    <ClInclude Include="..\..\include\assimp\config.h">
      <Filter>include\Common</Filter>
    </ClInclude>
    <ClInclude Include="..\..\include\assimp\defs.h">
      <Filter>include\Common</Filter>
    </ClInclude>
    <ClInclude Include="..\..\include\assimp\importerdesc.h">
      <Filter>include\Common</Filter>
    </ClInclude>
    <ClInclude Include="..\..\include\assimp\light.h">
      <Filter>include\Common</Filter>
    </ClInclude>
    <ClInclude Include="..\..\include\assimp\material.h">
      <Filter>include\Common</Filter>
    </ClInclude>
    <ClInclude Include="..\..\include\assimp\matrix3x3.h">
      <Filter>include\Common</Filter>
    </ClInclude>
    <ClInclude Include="..\..\include\assimp\matrix4x4.h">
      <Filter>include\Common</Filter>
    </ClInclude>
    <ClInclude Include="..\..\include\assimp\mesh.h">
      <Filter>include\Common</Filter>
    </ClInclude>
    <ClInclude Include="..\..\include\assimp\postprocess.h">
      <Filter>include\Common</Filter>
    </ClInclude>
    <ClInclude Include="..\..\include\assimp\quaternion.h">
      <Filter>include\Common</Filter>
    </ClInclude>
    <ClInclude Include="..\..\include\assimp\scene.h">
      <Filter>include\Common</Filter>
    </ClInclude>
    <ClInclude Include="..\..\include\assimp\texture.h">
      <Filter>include\Common</Filter>
    </ClInclude>
    <ClInclude Include="..\..\include\assimp\types.h">
      <Filter>include\Common</Filter>
    </ClInclude>
    <ClInclude Include="..\..\include\assimp\vector2.h">
      <Filter>include\Common</Filter>
    </ClInclude>
    <ClInclude Include="..\..\include\assimp\vector3.h">
      <Filter>include\Common</Filter>
    </ClInclude>
    <ClInclude Include="..\..\include\assimp\version.h">
      <Filter>include\Common</Filter>
    </ClInclude>
    <ClInclude Include="..\..\code\3DSHelper.h">
      <Filter>sources\importers\3ds</Filter>
    </ClInclude>
    <ClInclude Include="..\..\code\3DSLoader.h">
      <Filter>sources\importers\3ds</Filter>
    </ClInclude>
    <ClInclude Include="..\..\code\ASELoader.h">
      <Filter>sources\importers\ase</Filter>
    </ClInclude>
    <ClInclude Include="..\..\code\ASEParser.h">
      <Filter>sources\importers\ase</Filter>
    </ClInclude>
    <ClInclude Include="..\..\code\HMPFileData.h">
      <Filter>sources\importers\hmp</Filter>
    </ClInclude>
    <ClInclude Include="..\..\code\HMPLoader.h">
      <Filter>sources\importers\hmp</Filter>
    </ClInclude>
    <ClInclude Include="..\..\code\LWOFileData.h">
      <Filter>sources\importers\lwo</Filter>
    </ClInclude>
    <ClInclude Include="..\..\code\LWOLoader.h">
      <Filter>sources\importers\lwo</Filter>
    </ClInclude>
    <ClInclude Include="..\..\code\MD3FileData.h">
      <Filter>sources\importers\md3</Filter>
    </ClInclude>
    <ClInclude Include="..\..\code\MD3Loader.h">
      <Filter>sources\importers\md3</Filter>
    </ClInclude>
    <ClInclude Include="..\..\code\MD5Loader.h">
      <Filter>sources\importers\md5</Filter>
    </ClInclude>
    <ClInclude Include="..\..\code\MD5Parser.h">
      <Filter>sources\importers\md5</Filter>
    </ClInclude>
    <ClInclude Include="..\..\code\MDCFileData.h">
      <Filter>sources\importers\mdc</Filter>
    </ClInclude>
    <ClInclude Include="..\..\code\MDCLoader.h">
      <Filter>sources\importers\mdc</Filter>
    </ClInclude>
    <ClInclude Include="..\..\code\MDCNormalTable.h">
      <Filter>sources\importers\mdc</Filter>
    </ClInclude>
    <ClInclude Include="..\..\code\HalfLifeFileData.h">
      <Filter>sources\importers\mdl</Filter>
    </ClInclude>
    <ClInclude Include="..\..\code\MDLDefaultColorMap.h">
      <Filter>sources\importers\mdl</Filter>
    </ClInclude>
    <ClInclude Include="..\..\code\MDLFileData.h">
      <Filter>sources\importers\mdl</Filter>
    </ClInclude>
    <ClInclude Include="..\..\code\MDLLoader.h">
      <Filter>sources\importers\mdl</Filter>
    </ClInclude>
    <ClInclude Include="..\..\code\ObjFileData.h">
      <Filter>sources\importers\obj</Filter>
    </ClInclude>
    <ClInclude Include="..\..\code\ObjFileImporter.h">
      <Filter>sources\importers\obj</Filter>
    </ClInclude>
    <ClInclude Include="..\..\code\ObjFileMtlImporter.h">
      <Filter>sources\importers\obj</Filter>
    </ClInclude>
    <ClInclude Include="..\..\code\ObjFileParser.h">
      <Filter>sources\importers\obj</Filter>
    </ClInclude>
    <ClInclude Include="..\..\code\ObjTools.h">
      <Filter>sources\importers\obj</Filter>
    </ClInclude>
    <ClInclude Include="..\..\code\PlyLoader.h">
      <Filter>sources\importers\ply</Filter>
    </ClInclude>
    <ClInclude Include="..\..\code\PlyParser.h">
      <Filter>sources\importers\ply</Filter>
    </ClInclude>
    <ClInclude Include="..\..\code\SMDLoader.h">
      <Filter>sources\importers\smd</Filter>
    </ClInclude>
    <ClInclude Include="..\..\code\STLLoader.h">
      <Filter>sources\importers\stl</Filter>
    </ClInclude>
    <ClInclude Include="..\..\code\XFileHelper.h">
      <Filter>sources\importers\x</Filter>
    </ClInclude>
    <ClInclude Include="..\..\code\XFileImporter.h">
      <Filter>sources\importers\x</Filter>
    </ClInclude>
    <ClInclude Include="..\..\code\XFileParser.h">
      <Filter>sources\importers\x</Filter>
    </ClInclude>
    <ClInclude Include="..\..\code\DXFHelper.h">
      <Filter>sources\importers\dxf</Filter>
    </ClInclude>
    <ClInclude Include="..\..\code\DXFLoader.h">
      <Filter>sources\importers\dxf</Filter>
    </ClInclude>
    <ClInclude Include="..\..\code\RawLoader.h">
      <Filter>sources\importers\raw</Filter>
    </ClInclude>
    <ClInclude Include="..\..\code\NFFLoader.h">
      <Filter>sources\importers\nff</Filter>
    </ClInclude>
    <ClInclude Include="..\..\code\OFFLoader.h">
      <Filter>sources\importers\off</Filter>
    </ClInclude>
    <ClInclude Include="..\..\code\ACLoader.h">
      <Filter>sources\importers\ac</Filter>
    </ClInclude>
    <ClInclude Include="..\..\code\LWOAnimation.h">
      <Filter>sources\importers\lws</Filter>
    </ClInclude>
    <ClInclude Include="..\..\code\LWSLoader.h">
      <Filter>sources\importers\lws</Filter>
    </ClInclude>
    <ClInclude Include="..\..\code\BVHLoader.h">
      <Filter>sources\importers\bvh</Filter>
    </ClInclude>
    <ClInclude Include="..\..\code\IRRMeshLoader.h">
      <Filter>sources\importers\irrmesh</Filter>
    </ClInclude>
    <ClInclude Include="..\..\code\IRRLoader.h">
      <Filter>sources\importers\irr</Filter>
    </ClInclude>
    <ClInclude Include="..\..\code\IRRShared.h">
      <Filter>sources\importers\irr</Filter>
    </ClInclude>
    <ClInclude Include="..\..\code\Q3DLoader.h">
      <Filter>sources\importers\q3d</Filter>
    </ClInclude>
    <ClInclude Include="..\..\code\B3DImporter.h">
      <Filter>sources\importers\b3d</Filter>
    </ClInclude>
    <ClInclude Include="..\..\code\ColladaHelper.h">
      <Filter>sources\importers\collada</Filter>
    </ClInclude>
    <ClInclude Include="..\..\code\ColladaLoader.h">
      <Filter>sources\importers\collada</Filter>
    </ClInclude>
    <ClInclude Include="..\..\code\ColladaParser.h">
      <Filter>sources\importers\collada</Filter>
    </ClInclude>
    <ClInclude Include="..\..\code\TerragenLoader.h">
      <Filter>sources\importers\ter</Filter>
    </ClInclude>
    <ClInclude Include="..\..\code\CSMLoader.h">
      <Filter>sources\importers\csm</Filter>
    </ClInclude>
    <ClInclude Include="..\..\code\UnrealLoader.h">
      <Filter>sources\importers\unreal</Filter>
    </ClInclude>
    <ClInclude Include="..\..\code\NDOLoader.h">
      <Filter>sources\importers\ndo</Filter>
    </ClInclude>
    <ClInclude Include="..\..\code\OgreImporter.hpp">
      <Filter>sources\importers\ogre</Filter>
    </ClInclude>
    <ClInclude Include="..\..\code\OgreXmlHelper.h">
      <Filter>sources\importers\ogre</Filter>
    </ClInclude>
    <ClInclude Include="..\..\code\OgreXmlHelper.hpp">
      <Filter>sources\importers\ogre</Filter>
    </ClInclude>
    <ClInclude Include="..\..\code\MS3DLoader.h">
      <Filter>sources\importers\ms3d</Filter>
    </ClInclude>
    <ClInclude Include="..\..\code\COBLoader.h">
      <Filter>sources\importers\cob</Filter>
    </ClInclude>
    <ClInclude Include="..\..\code\COBScene.h">
      <Filter>sources\importers\cob</Filter>
    </ClInclude>
    <ClInclude Include="..\..\code\BlenderDNA.h">
      <Filter>sources\importers\blend</Filter>
    </ClInclude>
    <ClInclude Include="..\..\code\BlenderIntermediate.h">
      <Filter>sources\importers\blend</Filter>
    </ClInclude>
    <ClInclude Include="..\..\code\BlenderLoader.h">
      <Filter>sources\importers\blend</Filter>
    </ClInclude>
    <ClInclude Include="..\..\code\BlenderModifier.h">
      <Filter>sources\importers\blend</Filter>
    </ClInclude>
    <ClInclude Include="..\..\code\BlenderScene.h">
      <Filter>sources\importers\blend</Filter>
    </ClInclude>
    <ClInclude Include="..\..\code\BlenderSceneGen.h">
      <Filter>sources\importers\blend</Filter>
    </ClInclude>
    <ClInclude Include="..\..\code\Q3BSPFileData.h">
      <Filter>sources\importers\q3bsp</Filter>
    </ClInclude>
    <ClInclude Include="..\..\code\Q3BSPFileImporter.h">
      <Filter>sources\importers\q3bsp</Filter>
    </ClInclude>
    <ClInclude Include="..\..\code\Q3BSPFileParser.h">
      <Filter>sources\importers\q3bsp</Filter>
    </ClInclude>
    <ClInclude Include="..\..\code\Q3BSPZipArchive.h">
      <Filter>sources\importers\q3bsp</Filter>
    </ClInclude>
    <ClInclude Include="..\..\code\MD2FileData.h">
      <Filter>sources\importers\md2</Filter>
    </ClInclude>
    <ClInclude Include="..\..\code\MD2Loader.h">
      <Filter>sources\importers\md2</Filter>
    </ClInclude>
    <ClInclude Include="..\..\code\MD2NormalTable.h">
      <Filter>sources\importers\md2</Filter>
    </ClInclude>
    <ClInclude Include="..\..\code\IFCLoader.h">
      <Filter>sources\importers\ifc</Filter>
    </ClInclude>
    <ClInclude Include="..\..\code\IFCReaderGen.h">
      <Filter>sources\importers\ifc</Filter>
    </ClInclude>
    <ClInclude Include="..\..\code\IFCUtil.h">
      <Filter>sources\importers\ifc</Filter>
    </ClInclude>
    <ClInclude Include="..\..\code\STEPFile.h">
      <Filter>sources\importers\ifc</Filter>
    </ClInclude>
    <ClInclude Include="..\..\code\STEPFileReader.h">
      <Filter>sources\importers\ifc</Filter>
    </ClInclude>
    <ClInclude Include="..\..\code\M3Importer.h">
      <Filter>sources\importers\m3</Filter>
    </ClInclude>
    <ClInclude Include="..\..\code\XGLLoader.h">
      <Filter>sources\importers\xgl</Filter>
    </ClInclude>
    <ClInclude Include="..\..\code\BaseProcess.h">
      <Filter>sources\postprocessing</Filter>
    </ClInclude>
    <ClInclude Include="..\..\code\CalcTangentsProcess.h">
      <Filter>sources\postprocessing</Filter>
    </ClInclude>
    <ClInclude Include="..\..\code\ComputeUVMappingProcess.h">
      <Filter>sources\postprocessing</Filter>
    </ClInclude>
    <ClInclude Include="..\..\code\ConvertToLHProcess.h">
      <Filter>sources\postprocessing</Filter>
    </ClInclude>
    <ClInclude Include="..\..\code\DeboneProcess.h">
      <Filter>sources\postprocessing</Filter>
    </ClInclude>
    <ClInclude Include="..\..\code\FindDegenerates.h">
      <Filter>sources\postprocessing</Filter>
    </ClInclude>
    <ClInclude Include="..\..\code\FindInstancesProcess.h">
      <Filter>sources\postprocessing</Filter>
    </ClInclude>
    <ClInclude Include="..\..\code\FindInvalidDataProcess.h">
      <Filter>sources\postprocessing</Filter>
    </ClInclude>
    <ClInclude Include="..\..\code\FixNormalsStep.h">
      <Filter>sources\postprocessing</Filter>
    </ClInclude>
    <ClInclude Include="..\..\code\GenFaceNormalsProcess.h">
      <Filter>sources\postprocessing</Filter>
    </ClInclude>
    <ClInclude Include="..\..\code\GenVertexNormalsProcess.h">
      <Filter>sources\postprocessing</Filter>
    </ClInclude>
    <ClInclude Include="..\..\code\ImproveCacheLocality.h">
      <Filter>sources\postprocessing</Filter>
    </ClInclude>
    <ClInclude Include="..\..\code\JoinVerticesProcess.h">
      <Filter>sources\postprocessing</Filter>
    </ClInclude>
    <ClInclude Include="..\..\code\LimitBoneWeightsProcess.h">
      <Filter>sources\postprocessing</Filter>
    </ClInclude>
    <ClInclude Include="..\..\code\MakeVerboseFormat.h">
      <Filter>sources\postprocessing</Filter>
    </ClInclude>
    <ClInclude Include="..\..\code\OptimizeGraph.h">
      <Filter>sources\postprocessing</Filter>
    </ClInclude>
    <ClInclude Include="..\..\code\OptimizeMeshes.h">
      <Filter>sources\postprocessing</Filter>
    </ClInclude>
    <ClInclude Include="..\..\code\PretransformVertices.h">
      <Filter>sources\postprocessing</Filter>
    </ClInclude>
    <ClInclude Include="..\..\code\ProcessHelper.h">
      <Filter>sources\postprocessing</Filter>
    </ClInclude>
    <ClInclude Include="..\..\code\RemoveRedundantMaterials.h">
      <Filter>sources\postprocessing</Filter>
    </ClInclude>
    <ClInclude Include="..\..\code\RemoveVCProcess.h">
      <Filter>sources\postprocessing</Filter>
    </ClInclude>
    <ClInclude Include="..\..\code\SortByPTypeProcess.h">
      <Filter>sources\postprocessing</Filter>
    </ClInclude>
    <ClInclude Include="..\..\code\SplitByBoneCountProcess.h">
      <Filter>sources\postprocessing</Filter>
    </ClInclude>
    <ClInclude Include="..\..\code\SplitLargeMeshes.h">
      <Filter>sources\postprocessing</Filter>
    </ClInclude>
    <ClInclude Include="..\..\code\TextureTransform.h">
      <Filter>sources\postprocessing</Filter>
    </ClInclude>
    <ClInclude Include="..\..\code\TriangulateProcess.h">
      <Filter>sources\postprocessing</Filter>
    </ClInclude>
    <ClInclude Include="..\..\code\ValidateDataStructure.h">
      <Filter>sources\postprocessing</Filter>
    </ClInclude>
    <ClInclude Include="..\..\code\AssimpPCH.h">
      <Filter>sources\core</Filter>
    </ClInclude>
    <ClInclude Include="..\..\code\ByteSwap.h">
      <Filter>sources\core</Filter>
    </ClInclude>
    <ClInclude Include="..\..\code\Exceptional.h">
      <Filter>sources\core</Filter>
    </ClInclude>
    <ClInclude Include="..\..\code\GenericProperty.h">
      <Filter>sources\core</Filter>
    </ClInclude>
    <ClInclude Include="..\..\code\Hash.h">
      <Filter>sources\core</Filter>
    </ClInclude>
    <ClInclude Include="..\..\code\LogAux.h">
      <Filter>sources\core</Filter>
    </ClInclude>
    <ClInclude Include="..\..\code\MaterialSystem.h">
      <Filter>sources\core</Filter>
    </ClInclude>
    <ClInclude Include="..\..\code\PolyTools.h">
      <Filter>sources\core</Filter>
    </ClInclude>
    <ClInclude Include="..\..\code\Profiler.h">
      <Filter>sources\core</Filter>
    </ClInclude>
    <ClInclude Include="..\..\code\qnan.h">
      <Filter>sources\core</Filter>
    </ClInclude>
    <ClInclude Include="..\..\code\ScenePrivate.h">
      <Filter>sources\core</Filter>
    </ClInclude>
    <ClInclude Include="..\..\code\StandardShapes.h">
      <Filter>sources\core</Filter>
    </ClInclude>
    <ClInclude Include="..\..\code\StringComparison.h">
      <Filter>sources\core</Filter>
    </ClInclude>
    <ClInclude Include="..\..\code\TinyFormatter.h">
      <Filter>sources\core</Filter>
    </ClInclude>
    <ClInclude Include="..\..\code\Vertex.h">
      <Filter>sources\core</Filter>
    </ClInclude>
    <ClInclude Include="..\..\code\FileLogStream.h">
      <Filter>sources\logging</Filter>
    </ClInclude>
    <ClInclude Include="..\..\code\StdOStreamLogStream.h">
      <Filter>sources\logging</Filter>
    </ClInclude>
    <ClInclude Include="..\..\code\Win32DebugLogStream.h">
      <Filter>sources\logging</Filter>
    </ClInclude>
    <ClInclude Include="..\..\code\CInterfaceIOWrapper.h">
      <Filter>sources\filesystem</Filter>
    </ClInclude>
    <ClInclude Include="..\..\code\DefaultIOStream.h">
      <Filter>sources\filesystem</Filter>
    </ClInclude>
    <ClInclude Include="..\..\code\DefaultIOSystem.h">
      <Filter>sources\filesystem</Filter>
    </ClInclude>
    <ClInclude Include="..\..\code\FileSystemFilter.h">
      <Filter>sources\filesystem</Filter>
    </ClInclude>
    <ClInclude Include="..\..\code\MemoryIOWrapper.h">
      <Filter>sources\filesystem</Filter>
    </ClInclude>
    <ClInclude Include="..\..\code\BaseImporter.h">
      <Filter>sources\core_import</Filter>
    </ClInclude>
    <ClInclude Include="..\..\code\DefaultProgressHandler.h">
      <Filter>sources\core_import</Filter>
    </ClInclude>
    <ClInclude Include="..\..\code\fast_atof.h">
      <Filter>sources\core_import</Filter>
    </ClInclude>
    <ClInclude Include="..\..\code\IFF.h">
      <Filter>sources\core_import</Filter>
    </ClInclude>
    <ClInclude Include="..\..\code\Importer.h">
      <Filter>sources\core_import</Filter>
    </ClInclude>
    <ClInclude Include="..\..\code\LineSplitter.h">
      <Filter>sources\core_import</Filter>
    </ClInclude>
    <ClInclude Include="..\..\code\ParsingUtils.h">
      <Filter>sources\core_import</Filter>
    </ClInclude>
    <ClInclude Include="..\..\code\RemoveComments.h">
      <Filter>sources\core_import</Filter>
    </ClInclude>
    <ClInclude Include="..\..\code\SceneCombiner.h">
      <Filter>sources\core_import</Filter>
    </ClInclude>
    <ClInclude Include="..\..\code\ScenePreprocessor.h">
      <Filter>sources\core_import</Filter>
    </ClInclude>
    <ClInclude Include="..\..\code\SGSpatialSort.h">
      <Filter>sources\core_import</Filter>
    </ClInclude>
    <ClInclude Include="..\..\code\SkeletonMeshBuilder.h">
      <Filter>sources\core_import</Filter>
    </ClInclude>
    <ClInclude Include="..\..\code\SmoothingGroups.h">
      <Filter>sources\core_import</Filter>
    </ClInclude>
    <ClInclude Include="..\..\code\SpatialSort.h">
      <Filter>sources\core_import</Filter>
    </ClInclude>
    <ClInclude Include="..\..\code\StreamReader.h">
      <Filter>sources\core_import</Filter>
    </ClInclude>
    <ClInclude Include="..\..\code\Subdivision.h">
      <Filter>sources\core_import</Filter>
    </ClInclude>
    <ClInclude Include="..\..\code\TargetAnimation.h">
      <Filter>sources\core_import</Filter>
    </ClInclude>
    <ClInclude Include="..\..\code\VertexTriangleAdjacency.h">
      <Filter>sources\core_import</Filter>
    </ClInclude>
    <ClInclude Include="..\..\contrib\irrXML\CXMLReaderImpl.h">
      <Filter>sources\extern\irrXML</Filter>
    </ClInclude>
    <ClInclude Include="..\..\contrib\irrXML\fast_atof.h">
      <Filter>sources\extern\irrXML</Filter>
    </ClInclude>
    <ClInclude Include="..\..\contrib\irrXML\heapsort.h">
      <Filter>sources\extern\irrXML</Filter>
    </ClInclude>
    <ClInclude Include="..\..\contrib\irrXML\irrArray.h">
      <Filter>sources\extern\irrXML</Filter>
    </ClInclude>
    <ClInclude Include="..\..\contrib\irrXML\irrString.h">
      <Filter>sources\extern\irrXML</Filter>
    </ClInclude>
    <ClInclude Include="..\..\contrib\irrXML\irrTypes.h">
      <Filter>sources\extern\irrXML</Filter>
    </ClInclude>
    <ClInclude Include="..\..\contrib\irrXML\irrXML.h">
      <Filter>sources\extern\irrXML</Filter>
    </ClInclude>
    <ClInclude Include="..\..\code\irrXMLWrapper.h">
      <Filter>sources\extern\irrXML</Filter>
    </ClInclude>
    <ClInclude Include="..\..\contrib\zlib\crc32.h">
      <Filter>sources\extern\zLib</Filter>
    </ClInclude>
    <ClInclude Include="..\..\contrib\unzip\crypt.h">
      <Filter>sources\extern\zLib</Filter>
    </ClInclude>
    <ClInclude Include="..\..\contrib\zlib\inffast.h">
      <Filter>sources\extern\zLib</Filter>
    </ClInclude>
    <ClInclude Include="..\..\contrib\zlib\inffixed.h">
      <Filter>sources\extern\zLib</Filter>
    </ClInclude>
    <ClInclude Include="..\..\contrib\zlib\inflate.h">
      <Filter>sources\extern\zLib</Filter>
    </ClInclude>
    <ClInclude Include="..\..\contrib\zlib\inftrees.h">
      <Filter>sources\extern\zLib</Filter>
    </ClInclude>
    <ClInclude Include="..\..\contrib\unzip\ioapi.h">
      <Filter>sources\extern\zLib</Filter>
    </ClInclude>
    <ClInclude Include="..\..\contrib\unzip\unzip.h">
      <Filter>sources\extern\zLib</Filter>
    </ClInclude>
    <ClInclude Include="..\..\contrib\zlib\zconf.h">
      <Filter>sources\extern\zLib</Filter>
    </ClInclude>
    <ClInclude Include="..\..\contrib\zlib\zconf.in.h">
      <Filter>sources\extern\zLib</Filter>
    </ClInclude>
    <ClInclude Include="..\..\contrib\zlib\zlib.h">
      <Filter>sources\extern\zLib</Filter>
    </ClInclude>
    <ClInclude Include="..\..\contrib\zlib\zutil.h">
      <Filter>sources\extern\zLib</Filter>
    </ClInclude>
    <ClInclude Include="..\..\contrib\ConvertUTF\ConvertUTF.h">
      <Filter>sources\extern\ConvertUTF</Filter>
    </ClInclude>
    <ClInclude Include="..\..\contrib\poly2tri\poly2tri\sweep\advancing_front.h">
      <Filter>sources\extern\poly2tri</Filter>
    </ClInclude>
    <ClInclude Include="..\..\contrib\poly2tri\poly2tri\sweep\cdt.h">
      <Filter>sources\extern\poly2tri</Filter>
    </ClInclude>
    <ClInclude Include="..\..\contrib\poly2tri\poly2tri\poly2tri.h">
      <Filter>sources\extern\poly2tri</Filter>
    </ClInclude>
    <ClInclude Include="..\..\contrib\poly2tri\poly2tri\common\shapes.h">
      <Filter>sources\extern\poly2tri</Filter>
    </ClInclude>
    <ClInclude Include="..\..\contrib\poly2tri\poly2tri\sweep\sweep.h">
      <Filter>sources\extern\poly2tri</Filter>
    </ClInclude>
    <ClInclude Include="..\..\contrib\poly2tri\poly2tri\sweep\sweep_context.h">
      <Filter>sources\extern\poly2tri</Filter>
    </ClInclude>
    <ClInclude Include="..\..\contrib\poly2tri\poly2tri\common\utils.h">
      <Filter>sources\extern\poly2tri</Filter>
    </ClInclude>
    <ClInclude Include="..\..\contrib\clipper\clipper.hpp">
      <Filter>sources\extern\clipper</Filter>
    </ClInclude>
    <ClInclude Include="..\..\code\BoostWorkaround\boost\foreach.hpp">
      <Filter>sources\noboost</Filter>
    </ClInclude>
    <ClInclude Include="..\..\code\BoostWorkaround\boost\format.hpp">
      <Filter>sources\noboost</Filter>
    </ClInclude>
    <ClInclude Include="..\..\code\BoostWorkaround\boost\lexical_cast.hpp">
      <Filter>sources\noboost</Filter>
    </ClInclude>
    <ClInclude Include="..\..\code\BoostWorkaround\boost\make_shared.hpp">
      <Filter>sources\noboost</Filter>
    </ClInclude>
    <ClInclude Include="..\..\code\BoostWorkaround\boost\pointer_cast.hpp">
      <Filter>sources\noboost</Filter>
    </ClInclude>
    <ClInclude Include="..\..\code\BoostWorkaround\boost\scoped_array.hpp">
      <Filter>sources\noboost</Filter>
    </ClInclude>
    <ClInclude Include="..\..\code\BoostWorkaround\boost\scoped_ptr.hpp">
      <Filter>sources\noboost</Filter>
    </ClInclude>
    <ClInclude Include="..\..\code\BoostWorkaround\boost\shared_array.hpp">
      <Filter>sources\noboost</Filter>
    </ClInclude>
    <ClInclude Include="..\..\code\BoostWorkaround\boost\shared_ptr.hpp">
      <Filter>sources\noboost</Filter>
    </ClInclude>
    <ClInclude Include="..\..\code\BoostWorkaround\boost\static_assert.hpp">
      <Filter>sources\noboost</Filter>
    </ClInclude>
    <ClInclude Include="..\..\code\BoostWorkaround\boost\tuple\tuple.hpp">
      <Filter>sources\noboost\tuple</Filter>
    </ClInclude>
    <ClInclude Include="..\..\code\BoostWorkaround\boost\math\common_factor_rt.hpp">
      <Filter>sources\noboost\math</Filter>
    </ClInclude>
    <ClInclude Include="..\..\code\BlobIOSystem.h">
      <Filter>sources\core_export</Filter>
    </ClInclude>
    <ClInclude Include="..\..\code\ColladaExporter.h">
      <Filter>sources\exporters\collada</Filter>
    </ClInclude>
    <ClInclude Include="..\..\code\ObjExporter.h">
      <Filter>sources\exporters\obj</Filter>
    </ClInclude>
    <ClInclude Include="..\..\code\STLExporter.h">
      <Filter>sources\exporters\stl</Filter>
    </ClInclude>
    <ClInclude Include="..\..\code\PlyExporter.h">
      <Filter>sources\exporters\ply</Filter>
    </ClInclude>
    <ClInclude Include="..\..\doc\dox.h">
      <Filter>doc</Filter>
    </ClInclude>
    <ClInclude Include="..\..\code\res\resource.h">
      <Filter>resources</Filter>
    </ClInclude>
  </ItemGroup>
  <ItemGroup>
    <None Include="..\..\include\assimp\color4.inl">
      <Filter>include\Common</Filter>
    </None>
    <None Include="..\..\include\assimp\material.inl">
      <Filter>include\Common</Filter>
    </None>
    <None Include="..\..\include\assimp\matrix3x3.inl">
      <Filter>include\Common</Filter>
    </None>
    <None Include="..\..\include\assimp\matrix4x4.inl">
      <Filter>include\Common</Filter>
    </None>
    <None Include="..\..\include\assimp\quaternion.inl">
      <Filter>include\Common</Filter>
    </None>
    <None Include="..\..\include\assimp\vector2.inl">
      <Filter>include\Common</Filter>
    </None>
    <None Include="..\..\include\assimp\vector3.inl">
      <Filter>include\Common</Filter>
    </None>
    <None Include="..\..\code\BlenderDNA.inl">
      <Filter>sources\importers\blend</Filter>
    </None>
    <None Include="..\..\code\SmoothingGroups.inl">
      <Filter>sources\core_import</Filter>
    </None>
  </ItemGroup>
  <ItemGroup>
    <ClCompile Include="..\..\code\3DSConverter.cpp">
      <Filter>sources\importers\3ds</Filter>
    </ClCompile>
    <ClCompile Include="..\..\code\3DSLoader.cpp">
      <Filter>sources\importers\3ds</Filter>
    </ClCompile>
    <ClCompile Include="..\..\code\ASELoader.cpp">
      <Filter>sources\importers\ase</Filter>
    </ClCompile>
    <ClCompile Include="..\..\code\ASEParser.cpp">
      <Filter>sources\importers\ase</Filter>
    </ClCompile>
    <ClCompile Include="..\..\code\HMPLoader.cpp">
      <Filter>sources\importers\hmp</Filter>
    </ClCompile>
    <ClCompile Include="..\..\code\LWOBLoader.cpp">
      <Filter>sources\importers\lwo</Filter>
    </ClCompile>
    <ClCompile Include="..\..\code\LWOLoader.cpp">
      <Filter>sources\importers\lwo</Filter>
    </ClCompile>
    <ClCompile Include="..\..\code\LWOMaterial.cpp">
      <Filter>sources\importers\lwo</Filter>
    </ClCompile>
    <ClCompile Include="..\..\code\MD3Loader.cpp">
      <Filter>sources\importers\md3</Filter>
    </ClCompile>
    <ClCompile Include="..\..\code\MD5Loader.cpp">
      <Filter>sources\importers\md5</Filter>
    </ClCompile>
    <ClCompile Include="..\..\code\MD5Parser.cpp">
      <Filter>sources\importers\md5</Filter>
    </ClCompile>
    <ClCompile Include="..\..\code\MDCLoader.cpp">
      <Filter>sources\importers\mdc</Filter>
    </ClCompile>
    <ClCompile Include="..\..\code\MDLLoader.cpp">
      <Filter>sources\importers\mdl</Filter>
    </ClCompile>
    <ClCompile Include="..\..\code\MDLMaterialLoader.cpp">
      <Filter>sources\importers\mdl</Filter>
    </ClCompile>
    <ClCompile Include="..\..\code\ObjFileImporter.cpp">
      <Filter>sources\importers\obj</Filter>
    </ClCompile>
    <ClCompile Include="..\..\code\ObjFileMtlImporter.cpp">
      <Filter>sources\importers\obj</Filter>
    </ClCompile>
    <ClCompile Include="..\..\code\ObjFileParser.cpp">
      <Filter>sources\importers\obj</Filter>
    </ClCompile>
    <ClCompile Include="..\..\code\PlyLoader.cpp">
      <Filter>sources\importers\ply</Filter>
    </ClCompile>
    <ClCompile Include="..\..\code\PlyParser.cpp">
      <Filter>sources\importers\ply</Filter>
    </ClCompile>
    <ClCompile Include="..\..\code\SMDLoader.cpp">
      <Filter>sources\importers\smd</Filter>
    </ClCompile>
    <ClCompile Include="..\..\code\STLLoader.cpp">
      <Filter>sources\importers\stl</Filter>
    </ClCompile>
    <ClCompile Include="..\..\code\XFileImporter.cpp">
      <Filter>sources\importers\x</Filter>
    </ClCompile>
    <ClCompile Include="..\..\code\XFileParser.cpp">
      <Filter>sources\importers\x</Filter>
    </ClCompile>
    <ClCompile Include="..\..\code\DXFLoader.cpp">
      <Filter>sources\importers\dxf</Filter>
    </ClCompile>
    <ClCompile Include="..\..\code\RawLoader.cpp">
      <Filter>sources\importers\raw</Filter>
    </ClCompile>
    <ClCompile Include="..\..\code\NFFLoader.cpp">
      <Filter>sources\importers\nff</Filter>
    </ClCompile>
    <ClCompile Include="..\..\code\OFFLoader.cpp">
      <Filter>sources\importers\off</Filter>
    </ClCompile>
    <ClCompile Include="..\..\code\ACLoader.cpp">
      <Filter>sources\importers\ac</Filter>
    </ClCompile>
    <ClCompile Include="..\..\code\LWOAnimation.cpp">
      <Filter>sources\importers\lws</Filter>
    </ClCompile>
    <ClCompile Include="..\..\code\LWSLoader.cpp">
      <Filter>sources\importers\lws</Filter>
    </ClCompile>
    <ClCompile Include="..\..\code\BVHLoader.cpp">
      <Filter>sources\importers\bvh</Filter>
    </ClCompile>
    <ClCompile Include="..\..\code\IRRMeshLoader.cpp">
      <Filter>sources\importers\irrmesh</Filter>
    </ClCompile>
    <ClCompile Include="..\..\code\IRRLoader.cpp">
      <Filter>sources\importers\irr</Filter>
    </ClCompile>
    <ClCompile Include="..\..\code\IRRShared.cpp">
      <Filter>sources\importers\irr</Filter>
    </ClCompile>
    <ClCompile Include="..\..\code\Q3DLoader.cpp">
      <Filter>sources\importers\q3d</Filter>
    </ClCompile>
    <ClCompile Include="..\..\code\B3DImporter.cpp">
      <Filter>sources\importers\b3d</Filter>
    </ClCompile>
    <ClCompile Include="..\..\code\ColladaLoader.cpp">
      <Filter>sources\importers\collada</Filter>
    </ClCompile>
    <ClCompile Include="..\..\code\ColladaParser.cpp">
      <Filter>sources\importers\collada</Filter>
    </ClCompile>
    <ClCompile Include="..\..\code\TerragenLoader.cpp">
      <Filter>sources\importers\ter</Filter>
    </ClCompile>
    <ClCompile Include="..\..\code\CSMLoader.cpp">
      <Filter>sources\importers\csm</Filter>
    </ClCompile>
    <ClCompile Include="..\..\code\UnrealLoader.cpp">
      <Filter>sources\importers\unreal</Filter>
    </ClCompile>
    <ClCompile Include="..\..\code\NDOLoader.cpp">
      <Filter>sources\importers\ndo</Filter>
    </ClCompile>
    <ClCompile Include="..\..\code\OgreImporter.cpp">
      <Filter>sources\importers\ogre</Filter>
    </ClCompile>
    <ClCompile Include="..\..\code\OgreMaterial.cpp">
      <Filter>sources\importers\ogre</Filter>
    </ClCompile>
    <ClCompile Include="..\..\code\OgreMesh.cpp">
      <Filter>sources\importers\ogre</Filter>
    </ClCompile>
    <ClCompile Include="..\..\code\OgreSkeleton.cpp">
      <Filter>sources\importers\ogre</Filter>
    </ClCompile>
    <ClCompile Include="..\..\code\MS3DLoader.cpp">
      <Filter>sources\importers\ms3d</Filter>
    </ClCompile>
    <ClCompile Include="..\..\code\COBLoader.cpp">
      <Filter>sources\importers\cob</Filter>
    </ClCompile>
    <ClCompile Include="..\..\code\BlenderDNA.cpp">
      <Filter>sources\importers\blend</Filter>
    </ClCompile>
    <ClCompile Include="..\..\code\BlenderLoader.cpp">
      <Filter>sources\importers\blend</Filter>
    </ClCompile>
    <ClCompile Include="..\..\code\BlenderModifier.cpp">
      <Filter>sources\importers\blend</Filter>
    </ClCompile>
    <ClCompile Include="..\..\code\BlenderScene.cpp">
      <Filter>sources\importers\blend</Filter>
    </ClCompile>
    <ClCompile Include="..\..\code\Q3BSPFileImporter.cpp">
      <Filter>sources\importers\q3bsp</Filter>
    </ClCompile>
    <ClCompile Include="..\..\code\Q3BSPFileParser.cpp">
      <Filter>sources\importers\q3bsp</Filter>
    </ClCompile>
    <ClCompile Include="..\..\code\Q3BSPZipArchive.cpp">
      <Filter>sources\importers\q3bsp</Filter>
    </ClCompile>
    <ClCompile Include="..\..\code\MD2Loader.cpp">
      <Filter>sources\importers\md2</Filter>
    </ClCompile>
    <ClCompile Include="..\..\code\IFCCurve.cpp">
      <Filter>sources\importers\ifc</Filter>
    </ClCompile>
    <ClCompile Include="..\..\code\IFCGeometry.cpp">
      <Filter>sources\importers\ifc</Filter>
    </ClCompile>
    <ClCompile Include="..\..\code\IFCLoader.cpp">
      <Filter>sources\importers\ifc</Filter>
    </ClCompile>
    <ClCompile Include="..\..\code\IFCMaterial.cpp">
      <Filter>sources\importers\ifc</Filter>
    </ClCompile>
    <ClCompile Include="..\..\code\IFCProfile.cpp">
      <Filter>sources\importers\ifc</Filter>
    </ClCompile>
    <ClCompile Include="..\..\code\IFCReaderGen.cpp">
      <Filter>sources\importers\ifc</Filter>
    </ClCompile>
    <ClCompile Include="..\..\code\IFCUtil.cpp">
      <Filter>sources\importers\ifc</Filter>
    </ClCompile>
    <ClCompile Include="..\..\code\STEPFileReader.cpp">
      <Filter>sources\importers\ifc</Filter>
    </ClCompile>
    <ClCompile Include="..\..\code\M3Importer.cpp">
      <Filter>sources\importers\m3</Filter>
    </ClCompile>
    <ClCompile Include="..\..\code\XGLLoader.cpp">
      <Filter>sources\importers\xgl</Filter>
    </ClCompile>
    <ClCompile Include="..\..\code\BaseProcess.cpp">
      <Filter>sources\postprocessing</Filter>
    </ClCompile>
    <ClCompile Include="..\..\code\CalcTangentsProcess.cpp">
      <Filter>sources\postprocessing</Filter>
    </ClCompile>
    <ClCompile Include="..\..\code\ComputeUVMappingProcess.cpp">
      <Filter>sources\postprocessing</Filter>
    </ClCompile>
    <ClCompile Include="..\..\code\ConvertToLHProcess.cpp">
      <Filter>sources\postprocessing</Filter>
    </ClCompile>
    <ClCompile Include="..\..\code\DeboneProcess.cpp">
      <Filter>sources\postprocessing</Filter>
    </ClCompile>
    <ClCompile Include="..\..\code\FindDegenerates.cpp">
      <Filter>sources\postprocessing</Filter>
    </ClCompile>
    <ClCompile Include="..\..\code\FindInstancesProcess.cpp">
      <Filter>sources\postprocessing</Filter>
    </ClCompile>
    <ClCompile Include="..\..\code\FindInvalidDataProcess.cpp">
      <Filter>sources\postprocessing</Filter>
    </ClCompile>
    <ClCompile Include="..\..\code\FixNormalsStep.cpp">
      <Filter>sources\postprocessing</Filter>
    </ClCompile>
    <ClCompile Include="..\..\code\GenFaceNormalsProcess.cpp">
      <Filter>sources\postprocessing</Filter>
    </ClCompile>
    <ClCompile Include="..\..\code\GenVertexNormalsProcess.cpp">
      <Filter>sources\postprocessing</Filter>
    </ClCompile>
    <ClCompile Include="..\..\code\ImproveCacheLocality.cpp">
      <Filter>sources\postprocessing</Filter>
    </ClCompile>
    <ClCompile Include="..\..\code\JoinVerticesProcess.cpp">
      <Filter>sources\postprocessing</Filter>
    </ClCompile>
    <ClCompile Include="..\..\code\LimitBoneWeightsProcess.cpp">
      <Filter>sources\postprocessing</Filter>
    </ClCompile>
    <ClCompile Include="..\..\code\MakeVerboseFormat.cpp">
      <Filter>sources\postprocessing</Filter>
    </ClCompile>
    <ClCompile Include="..\..\code\OptimizeGraph.cpp">
      <Filter>sources\postprocessing</Filter>
    </ClCompile>
    <ClCompile Include="..\..\code\OptimizeMeshes.cpp">
      <Filter>sources\postprocessing</Filter>
    </ClCompile>
    <ClCompile Include="..\..\code\PretransformVertices.cpp">
      <Filter>sources\postprocessing</Filter>
    </ClCompile>
    <ClCompile Include="..\..\code\ProcessHelper.cpp">
      <Filter>sources\postprocessing</Filter>
    </ClCompile>
    <ClCompile Include="..\..\code\RemoveRedundantMaterials.cpp">
      <Filter>sources\postprocessing</Filter>
    </ClCompile>
    <ClCompile Include="..\..\code\RemoveVCProcess.cpp">
      <Filter>sources\postprocessing</Filter>
    </ClCompile>
    <ClCompile Include="..\..\code\SortByPTypeProcess.cpp">
      <Filter>sources\postprocessing</Filter>
    </ClCompile>
    <ClCompile Include="..\..\code\SplitByBoneCountProcess.cpp">
      <Filter>sources\postprocessing</Filter>
    </ClCompile>
    <ClCompile Include="..\..\code\SplitLargeMeshes.cpp">
      <Filter>sources\postprocessing</Filter>
    </ClCompile>
    <ClCompile Include="..\..\code\TextureTransform.cpp">
      <Filter>sources\postprocessing</Filter>
    </ClCompile>
    <ClCompile Include="..\..\code\TriangulateProcess.cpp">
      <Filter>sources\postprocessing</Filter>
    </ClCompile>
    <ClCompile Include="..\..\code\ValidateDataStructure.cpp">
      <Filter>sources\postprocessing</Filter>
    </ClCompile>
    <ClCompile Include="..\..\code\AssimpPCH.cpp">
      <Filter>sources\core</Filter>
    </ClCompile>
    <ClCompile Include="..\..\code\MaterialSystem.cpp">
      <Filter>sources\core</Filter>
    </ClCompile>
    <ClCompile Include="..\..\code\StandardShapes.cpp">
      <Filter>sources\core</Filter>
    </ClCompile>
    <ClCompile Include="..\..\code\DefaultLogger.cpp">
      <Filter>sources\logging</Filter>
    </ClCompile>
    <ClCompile Include="..\..\code\DefaultIOStream.cpp">
      <Filter>sources\filesystem</Filter>
    </ClCompile>
    <ClCompile Include="..\..\code\DefaultIOSystem.cpp">
      <Filter>sources\filesystem</Filter>
    </ClCompile>
    <ClCompile Include="..\..\code\Assimp.cpp">
      <Filter>sources\core_import</Filter>
    </ClCompile>
    <ClCompile Include="..\..\code\BaseImporter.cpp">
      <Filter>sources\core_import</Filter>
    </ClCompile>
    <ClCompile Include="..\..\code\Importer.cpp">
      <Filter>sources\core_import</Filter>
    </ClCompile>
    <ClCompile Include="..\..\code\ImporterRegistry.cpp">
      <Filter>sources\core_import</Filter>
    </ClCompile>
    <ClCompile Include="..\..\code\PostStepRegistry.cpp">
      <Filter>sources\core_import</Filter>
    </ClCompile>
    <ClCompile Include="..\..\code\RemoveComments.cpp">
      <Filter>sources\core_import</Filter>
    </ClCompile>
    <ClCompile Include="..\..\code\SceneCombiner.cpp">
      <Filter>sources\core_import</Filter>
    </ClCompile>
    <ClCompile Include="..\..\code\ScenePreprocessor.cpp">
      <Filter>sources\core_import</Filter>
    </ClCompile>
    <ClCompile Include="..\..\code\SGSpatialSort.cpp">
      <Filter>sources\core_import</Filter>
    </ClCompile>
    <ClCompile Include="..\..\code\SkeletonMeshBuilder.cpp">
      <Filter>sources\core_import</Filter>
    </ClCompile>
    <ClCompile Include="..\..\code\SpatialSort.cpp">
      <Filter>sources\core_import</Filter>
    </ClCompile>
    <ClCompile Include="..\..\code\Subdivision.cpp">
      <Filter>sources\core_import</Filter>
    </ClCompile>
    <ClCompile Include="..\..\code\TargetAnimation.cpp">
      <Filter>sources\core_import</Filter>
    </ClCompile>
    <ClCompile Include="..\..\code\VertexTriangleAdjacency.cpp">
      <Filter>sources\core_import</Filter>
    </ClCompile>
    <ClCompile Include="..\..\contrib\irrXML\irrXML.cpp">
      <Filter>sources\extern\irrXML</Filter>
    </ClCompile>
    <ClCompile Include="..\..\contrib\zlib\adler32.c">
      <Filter>sources\extern\zLib</Filter>
    </ClCompile>
    <ClCompile Include="..\..\contrib\zlib\crc32.c">
      <Filter>sources\extern\zLib</Filter>
    </ClCompile>
    <ClCompile Include="..\..\contrib\zlib\inffast.c">
      <Filter>sources\extern\zLib</Filter>
    </ClCompile>
    <ClCompile Include="..\..\contrib\zlib\inflate.c">
      <Filter>sources\extern\zLib</Filter>
    </ClCompile>
    <ClCompile Include="..\..\contrib\zlib\inftrees.c">
      <Filter>sources\extern\zLib</Filter>
    </ClCompile>
    <ClCompile Include="..\..\contrib\unzip\ioapi.c">
      <Filter>sources\extern\zLib</Filter>
    </ClCompile>
    <ClCompile Include="..\..\contrib\unzip\unzip.c">
      <Filter>sources\extern\zLib</Filter>
    </ClCompile>
    <ClCompile Include="..\..\contrib\zlib\zutil.c">
      <Filter>sources\extern\zLib</Filter>
    </ClCompile>
    <ClCompile Include="..\..\contrib\ConvertUTF\ConvertUTF.c">
      <Filter>sources\extern\ConvertUTF</Filter>
    </ClCompile>
    <ClCompile Include="..\..\contrib\poly2tri\poly2tri\sweep\advancing_front.cc">
      <Filter>sources\extern\poly2tri</Filter>
    </ClCompile>
    <ClCompile Include="..\..\contrib\poly2tri\poly2tri\sweep\cdt.cc">
      <Filter>sources\extern\poly2tri</Filter>
    </ClCompile>
    <ClCompile Include="..\..\contrib\poly2tri\poly2tri\common\shapes.cc">
      <Filter>sources\extern\poly2tri</Filter>
    </ClCompile>
    <ClCompile Include="..\..\contrib\poly2tri\poly2tri\sweep\sweep.cc">
      <Filter>sources\extern\poly2tri</Filter>
    </ClCompile>
    <ClCompile Include="..\..\contrib\poly2tri\poly2tri\sweep\sweep_context.cc">
      <Filter>sources\extern\poly2tri</Filter>
    </ClCompile>
    <ClCompile Include="..\..\contrib\clipper\clipper.cpp">
      <Filter>sources\extern\clipper</Filter>
    </ClCompile>
    <ClCompile Include="..\..\code\AssimpCExport.cpp">
      <Filter>sources\core_export</Filter>
    </ClCompile>
    <ClCompile Include="..\..\code\Exporter.cpp">
      <Filter>sources\core_export</Filter>
    </ClCompile>
    <ClCompile Include="..\..\code\ColladaExporter.cpp">
      <Filter>sources\exporters\collada</Filter>
    </ClCompile>
    <ClCompile Include="..\..\code\ObjExporter.cpp">
      <Filter>sources\exporters\obj</Filter>
    </ClCompile>
    <ClCompile Include="..\..\code\STLExporter.cpp">
      <Filter>sources\exporters\stl</Filter>
    </ClCompile>
    <ClCompile Include="..\..\code\PlyExporter.cpp">
      <Filter>sources\exporters\ply</Filter>
    </ClCompile>
  </ItemGroup>
  <ItemGroup>
    <Xml Include="..\..\doc\datastructure.xml">
      <Filter>doc</Filter>
    </Xml>
  </ItemGroup>
  <ItemGroup>
    <Text Include="..\..\doc\Preamble.txt">
      <Filter>doc</Filter>
    </Text>
  </ItemGroup>
  <ItemGroup>
    <ResourceCompile Include="..\..\code\res\assimp.rc">
      <Filter>resources</Filter>
    </ResourceCompile>
  </ItemGroup>
</Project>